// !$*UTF8*$!
{
	archiveVersion = 1;
	classes = {
	};
	objectVersion = 46;
	objects = {

/* Begin PBXBuildFile section */
		31C039E71DA9F25300EEE979 /* main.m in Sources */ = {isa = PBXBuildFile; fileRef = 31C039E61DA9F25300EEE979 /* main.m */; };
		31C039EA1DA9F25300EEE979 /* AppDelegate.m in Sources */ = {isa = PBXBuildFile; fileRef = 31C039E91DA9F25300EEE979 /* AppDelegate.m */; };
		31C039ED1DA9F25300EEE979 /* ViewController.m in Sources */ = {isa = PBXBuildFile; fileRef = 31C039EC1DA9F25300EEE979 /* ViewController.m */; };
		31C039F01DA9F25300EEE979 /* Main.storyboard in Resources */ = {isa = PBXBuildFile; fileRef = 31C039EE1DA9F25300EEE979 /* Main.storyboard */; };
		31C039F21DA9F25300EEE979 /* Assets.xcassets in Resources */ = {isa = PBXBuildFile; fileRef = 31C039F11DA9F25300EEE979 /* Assets.xcassets */; };
		31C039F51DA9F25300EEE979 /* LaunchScreen.storyboard in Resources */ = {isa = PBXBuildFile; fileRef = 31C039F31DA9F25300EEE979 /* LaunchScreen.storyboard */; };
		31C03A001DA9F25300EEE979 /* CARDTests.m in Sources */ = {isa = PBXBuildFile; fileRef = 31C039FF1DA9F25300EEE979 /* CARDTests.m */; };
		31C03A0B1DA9F25300EEE979 /* CARDUITests.m in Sources */ = {isa = PBXBuildFile; fileRef = 31C03A0A1DA9F25300EEE979 /* CARDUITests.m */; };
		31C03A201DA9F26000EEE979 /* CHCardItemCustomView.m in Sources */ = {isa = PBXBuildFile; fileRef = 31C03A191DA9F26000EEE979 /* CHCardItemCustomView.m */; };
		56C0D8F21DAA5395002C7D5C /* CHCardItemModel.m in Sources */ = {isa = PBXBuildFile; fileRef = 56C0D8EB1DAA5395002C7D5C /* CHCardItemModel.m */; };
		56C0D8F31DAA5395002C7D5C /* CHCardItemView.m in Sources */ = {isa = PBXBuildFile; fileRef = 56C0D8ED1DAA5395002C7D5C /* CHCardItemView.m */; };
		56C0D8F41DAA5395002C7D5C /* CHCardView.m in Sources */ = {isa = PBXBuildFile; fileRef = 56C0D8EF1DAA5395002C7D5C /* CHCardView.m */; };
		56C0D8F51DAA5395002C7D5C /* NSString+MD5.m in Sources */ = {isa = PBXBuildFile; fileRef = 56C0D8F11DAA5395002C7D5C /* NSString+MD5.m */; };
/* End PBXBuildFile section */

/* Begin PBXContainerItemProxy section */
		31C039FC1DA9F25300EEE979 /* PBXContainerItemProxy */ = {
			isa = PBXContainerItemProxy;
			containerPortal = 31C039DA1DA9F25300EEE979 /* Project object */;
			proxyType = 1;
			remoteGlobalIDString = 31C039E11DA9F25300EEE979;
			remoteInfo = CARD;
		};
		31C03A071DA9F25300EEE979 /* PBXContainerItemProxy */ = {
			isa = PBXContainerItemProxy;
			containerPortal = 31C039DA1DA9F25300EEE979 /* Project object */;
			proxyType = 1;
			remoteGlobalIDString = 31C039E11DA9F25300EEE979;
			remoteInfo = CARD;
		};
/* End PBXContainerItemProxy section */

/* Begin PBXFileReference section */
		31C039E21DA9F25300EEE979 /* CARD.app */ = {isa = PBXFileReference; explicitFileType = wrapper.application; includeInIndex = 0; path = CARD.app; sourceTree = BUILT_PRODUCTS_DIR; };
		31C039E61DA9F25300EEE979 /* main.m */ = {isa = PBXFileReference; lastKnownFileType = sourcecode.c.objc; path = main.m; sourceTree = "<group>"; };
		31C039E81DA9F25300EEE979 /* AppDelegate.h */ = {isa = PBXFileReference; lastKnownFileType = sourcecode.c.h; path = AppDelegate.h; sourceTree = "<group>"; };
		31C039E91DA9F25300EEE979 /* AppDelegate.m */ = {isa = PBXFileReference; lastKnownFileType = sourcecode.c.objc; path = AppDelegate.m; sourceTree = "<group>"; };
		31C039EB1DA9F25300EEE979 /* ViewController.h */ = {isa = PBXFileReference; lastKnownFileType = sourcecode.c.h; path = ViewController.h; sourceTree = "<group>"; };
		31C039EC1DA9F25300EEE979 /* ViewController.m */ = {isa = PBXFileReference; lastKnownFileType = sourcecode.c.objc; path = ViewController.m; sourceTree = "<group>"; };
		31C039EF1DA9F25300EEE979 /* Base */ = {isa = PBXFileReference; lastKnownFileType = file.storyboard; name = Base; path = Base.lproj/Main.storyboard; sourceTree = "<group>"; };
		31C039F11DA9F25300EEE979 /* Assets.xcassets */ = {isa = PBXFileReference; lastKnownFileType = folder.assetcatalog; path = Assets.xcassets; sourceTree = "<group>"; };
		31C039F41DA9F25300EEE979 /* Base */ = {isa = PBXFileReference; lastKnownFileType = file.storyboard; name = Base; path = Base.lproj/LaunchScreen.storyboard; sourceTree = "<group>"; };
		31C039F61DA9F25300EEE979 /* Info.plist */ = {isa = PBXFileReference; lastKnownFileType = text.plist.xml; path = Info.plist; sourceTree = "<group>"; };
		31C039FB1DA9F25300EEE979 /* CARDTests.xctest */ = {isa = PBXFileReference; explicitFileType = wrapper.cfbundle; includeInIndex = 0; path = CARDTests.xctest; sourceTree = BUILT_PRODUCTS_DIR; };
		31C039FF1DA9F25300EEE979 /* CARDTests.m */ = {isa = PBXFileReference; lastKnownFileType = sourcecode.c.objc; path = CARDTests.m; sourceTree = "<group>"; };
		31C03A011DA9F25300EEE979 /* Info.plist */ = {isa = PBXFileReference; lastKnownFileType = text.plist.xml; path = Info.plist; sourceTree = "<group>"; };
		31C03A061DA9F25300EEE979 /* CARDUITests.xctest */ = {isa = PBXFileReference; explicitFileType = wrapper.cfbundle; includeInIndex = 0; path = CARDUITests.xctest; sourceTree = BUILT_PRODUCTS_DIR; };
		31C03A0A1DA9F25300EEE979 /* CARDUITests.m */ = {isa = PBXFileReference; lastKnownFileType = sourcecode.c.objc; path = CARDUITests.m; sourceTree = "<group>"; };
		31C03A0C1DA9F25300EEE979 /* Info.plist */ = {isa = PBXFileReference; lastKnownFileType = text.plist.xml; path = Info.plist; sourceTree = "<group>"; };
		31C03A181DA9F26000EEE979 /* CHCardItemCustomView.h */ = {isa = PBXFileReference; fileEncoding = 4; lastKnownFileType = sourcecode.c.h; path = CHCardItemCustomView.h; sourceTree = "<group>"; };
		31C03A191DA9F26000EEE979 /* CHCardItemCustomView.m */ = {isa = PBXFileReference; fileEncoding = 4; lastKnownFileType = sourcecode.c.objc; path = CHCardItemCustomView.m; sourceTree = "<group>"; };
		56C0D8EA1DAA5395002C7D5C /* CHCardItemModel.h */ = {isa = PBXFileReference; fileEncoding = 4; lastKnownFileType = sourcecode.c.h; path = CHCardItemModel.h; sourceTree = "<group>"; };
		56C0D8EB1DAA5395002C7D5C /* CHCardItemModel.m */ = {isa = PBXFileReference; fileEncoding = 4; lastKnownFileType = sourcecode.c.objc; path = CHCardItemModel.m; sourceTree = "<group>"; };
		56C0D8EC1DAA5395002C7D5C /* CHCardItemView.h */ = {isa = PBXFileReference; fileEncoding = 4; lastKnownFileType = sourcecode.c.h; path = CHCardItemView.h; sourceTree = "<group>"; };
		56C0D8ED1DAA5395002C7D5C /* CHCardItemView.m */ = {isa = PBXFileReference; fileEncoding = 4; lastKnownFileType = sourcecode.c.objc; path = CHCardItemView.m; sourceTree = "<group>"; };
		56C0D8EE1DAA5395002C7D5C /* CHCardView.h */ = {isa = PBXFileReference; fileEncoding = 4; lastKnownFileType = sourcecode.c.h; path = CHCardView.h; sourceTree = "<group>"; };
		56C0D8EF1DAA5395002C7D5C /* CHCardView.m */ = {isa = PBXFileReference; fileEncoding = 4; lastKnownFileType = sourcecode.c.objc; path = CHCardView.m; sourceTree = "<group>"; };
		56C0D8F01DAA5395002C7D5C /* NSString+MD5.h */ = {isa = PBXFileReference; fileEncoding = 4; lastKnownFileType = sourcecode.c.h; path = "NSString+MD5.h"; sourceTree = "<group>"; };
		56C0D8F11DAA5395002C7D5C /* NSString+MD5.m */ = {isa = PBXFileReference; fileEncoding = 4; lastKnownFileType = sourcecode.c.objc; path = "NSString+MD5.m"; sourceTree = "<group>"; };
/* End PBXFileReference section */

/* Begin PBXFrameworksBuildPhase section */
		31C039DF1DA9F25300EEE979 /* Frameworks */ = {
			isa = PBXFrameworksBuildPhase;
			buildActionMask = 2147483647;
			files = (
			);
			runOnlyForDeploymentPostprocessing = 0;
		};
		31C039F81DA9F25300EEE979 /* Frameworks */ = {
			isa = PBXFrameworksBuildPhase;
			buildActionMask = 2147483647;
			files = (
			);
			runOnlyForDeploymentPostprocessing = 0;
		};
		31C03A031DA9F25300EEE979 /* Frameworks */ = {
			isa = PBXFrameworksBuildPhase;
			buildActionMask = 2147483647;
			files = (
			);
			runOnlyForDeploymentPostprocessing = 0;
		};
/* End PBXFrameworksBuildPhase section */

/* Begin PBXGroup section */
		31C039D91DA9F25300EEE979 = {
			isa = PBXGroup;
			children = (
				31C039E41DA9F25300EEE979 /* CARD */,
				31C039FE1DA9F25300EEE979 /* CARDTests */,
				31C03A091DA9F25300EEE979 /* CARDUITests */,
				31C039E31DA9F25300EEE979 /* Products */,
			);
			sourceTree = "<group>";
		};
		31C039E31DA9F25300EEE979 /* Products */ = {
			isa = PBXGroup;
			children = (
				31C039E21DA9F25300EEE979 /* CARD.app */,
				31C039FB1DA9F25300EEE979 /* CARDTests.xctest */,
				31C03A061DA9F25300EEE979 /* CARDUITests.xctest */,
			);
			name = Products;
			sourceTree = "<group>";
		};
		31C039E41DA9F25300EEE979 /* CARD */ = {
			isa = PBXGroup;
			children = (
				56C0D8E91DAA5388002C7D5C /* CHCardView */,
				31C03A181DA9F26000EEE979 /* CHCardItemCustomView.h */,
				31C03A191DA9F26000EEE979 /* CHCardItemCustomView.m */,
				31C039E81DA9F25300EEE979 /* AppDelegate.h */,
				31C039E91DA9F25300EEE979 /* AppDelegate.m */,
				31C039EB1DA9F25300EEE979 /* ViewController.h */,
				31C039EC1DA9F25300EEE979 /* ViewController.m */,
				31C039EE1DA9F25300EEE979 /* Main.storyboard */,
				31C039F11DA9F25300EEE979 /* Assets.xcassets */,
				31C039F31DA9F25300EEE979 /* LaunchScreen.storyboard */,
				31C039F61DA9F25300EEE979 /* Info.plist */,
				31C039E51DA9F25300EEE979 /* Supporting Files */,
			);
			path = CARD;
			sourceTree = "<group>";
		};
		31C039E51DA9F25300EEE979 /* Supporting Files */ = {
			isa = PBXGroup;
			children = (
				31C039E61DA9F25300EEE979 /* main.m */,
			);
			name = "Supporting Files";
			sourceTree = "<group>";
		};
		31C039FE1DA9F25300EEE979 /* CARDTests */ = {
			isa = PBXGroup;
			children = (
				31C039FF1DA9F25300EEE979 /* CARDTests.m */,
				31C03A011DA9F25300EEE979 /* Info.plist */,
			);
			path = CARDTests;
			sourceTree = "<group>";
		};
		31C03A091DA9F25300EEE979 /* CARDUITests */ = {
			isa = PBXGroup;
			children = (
				31C03A0A1DA9F25300EEE979 /* CARDUITests.m */,
				31C03A0C1DA9F25300EEE979 /* Info.plist */,
			);
			path = CARDUITests;
			sourceTree = "<group>";
		};
		56C0D8E91DAA5388002C7D5C /* CHCardView */ = {
			isa = PBXGroup;
			children = (
				56C0D8EA1DAA5395002C7D5C /* CHCardItemModel.h */,
				56C0D8EB1DAA5395002C7D5C /* CHCardItemModel.m */,
				56C0D8EC1DAA5395002C7D5C /* CHCardItemView.h */,
				56C0D8ED1DAA5395002C7D5C /* CHCardItemView.m */,
				56C0D8EE1DAA5395002C7D5C /* CHCardView.h */,
				56C0D8EF1DAA5395002C7D5C /* CHCardView.m */,
				56C0D8F01DAA5395002C7D5C /* NSString+MD5.h */,
				56C0D8F11DAA5395002C7D5C /* NSString+MD5.m */,
			);
			path = CHCardView;
			sourceTree = "<group>";
		};
/* End PBXGroup section */

/* Begin PBXNativeTarget section */
		31C039E11DA9F25300EEE979 /* CARD */ = {
			isa = PBXNativeTarget;
			buildConfigurationList = 31C03A0F1DA9F25300EEE979 /* Build configuration list for PBXNativeTarget "CARD" */;
			buildPhases = (
				31C039DE1DA9F25300EEE979 /* Sources */,
				31C039DF1DA9F25300EEE979 /* Frameworks */,
				31C039E01DA9F25300EEE979 /* Resources */,
			);
			buildRules = (
			);
			dependencies = (
			);
			name = CARD;
			productName = CARD;
			productReference = 31C039E21DA9F25300EEE979 /* CARD.app */;
			productType = "com.apple.product-type.application";
		};
		31C039FA1DA9F25300EEE979 /* CARDTests */ = {
			isa = PBXNativeTarget;
			buildConfigurationList = 31C03A121DA9F25300EEE979 /* Build configuration list for PBXNativeTarget "CARDTests" */;
			buildPhases = (
				31C039F71DA9F25300EEE979 /* Sources */,
				31C039F81DA9F25300EEE979 /* Frameworks */,
				31C039F91DA9F25300EEE979 /* Resources */,
			);
			buildRules = (
			);
			dependencies = (
				31C039FD1DA9F25300EEE979 /* PBXTargetDependency */,
			);
			name = CARDTests;
			productName = CARDTests;
			productReference = 31C039FB1DA9F25300EEE979 /* CARDTests.xctest */;
			productType = "com.apple.product-type.bundle.unit-test";
		};
		31C03A051DA9F25300EEE979 /* CARDUITests */ = {
			isa = PBXNativeTarget;
			buildConfigurationList = 31C03A151DA9F25300EEE979 /* Build configuration list for PBXNativeTarget "CARDUITests" */;
			buildPhases = (
				31C03A021DA9F25300EEE979 /* Sources */,
				31C03A031DA9F25300EEE979 /* Frameworks */,
				31C03A041DA9F25300EEE979 /* Resources */,
			);
			buildRules = (
			);
			dependencies = (
				31C03A081DA9F25300EEE979 /* PBXTargetDependency */,
			);
			name = CARDUITests;
			productName = CARDUITests;
			productReference = 31C03A061DA9F25300EEE979 /* CARDUITests.xctest */;
			productType = "com.apple.product-type.bundle.ui-testing";
		};
/* End PBXNativeTarget section */

/* Begin PBXProject section */
		31C039DA1DA9F25300EEE979 /* Project object */ = {
			isa = PBXProject;
			attributes = {
				LastUpgradeCheck = 0730;
				ORGANIZATIONNAME = Charles;
				TargetAttributes = {
					31C039E11DA9F25300EEE979 = {
						CreatedOnToolsVersion = 7.3.1;
					};
					31C039FA1DA9F25300EEE979 = {
						CreatedOnToolsVersion = 7.3.1;
						TestTargetID = 31C039E11DA9F25300EEE979;
					};
					31C03A051DA9F25300EEE979 = {
						CreatedOnToolsVersion = 7.3.1;
						TestTargetID = 31C039E11DA9F25300EEE979;
					};
				};
			};
			buildConfigurationList = 31C039DD1DA9F25300EEE979 /* Build configuration list for PBXProject "CARD" */;
			compatibilityVersion = "Xcode 3.2";
			developmentRegion = English;
			hasScannedForEncodings = 0;
			knownRegions = (
				en,
				Base,
			);
			mainGroup = 31C039D91DA9F25300EEE979;
			productRefGroup = 31C039E31DA9F25300EEE979 /* Products */;
			projectDirPath = "";
			projectRoot = "";
			targets = (
				31C039E11DA9F25300EEE979 /* CARD */,
				31C039FA1DA9F25300EEE979 /* CARDTests */,
				31C03A051DA9F25300EEE979 /* CARDUITests */,
			);
		};
/* End PBXProject section */

/* Begin PBXResourcesBuildPhase section */
		31C039E01DA9F25300EEE979 /* Resources */ = {
			isa = PBXResourcesBuildPhase;
			buildActionMask = 2147483647;
			files = (
				31C039F51DA9F25300EEE979 /* LaunchScreen.storyboard in Resources */,
				31C039F21DA9F25300EEE979 /* Assets.xcassets in Resources */,
				31C039F01DA9F25300EEE979 /* Main.storyboard in Resources */,
			);
			runOnlyForDeploymentPostprocessing = 0;
		};
		31C039F91DA9F25300EEE979 /* Resources */ = {
			isa = PBXResourcesBuildPhase;
			buildActionMask = 2147483647;
			files = (
			);
			runOnlyForDeploymentPostprocessing = 0;
		};
		31C03A041DA9F25300EEE979 /* Resources */ = {
			isa = PBXResourcesBuildPhase;
			buildActionMask = 2147483647;
			files = (
			);
			runOnlyForDeploymentPostprocessing = 0;
		};
/* End PBXResourcesBuildPhase section */

/* Begin PBXSourcesBuildPhase section */
		31C039DE1DA9F25300EEE979 /* Sources */ = {
			isa = PBXSourcesBuildPhase;
			buildActionMask = 2147483647;
			files = (
				56C0D8F31DAA5395002C7D5C /* CHCardItemView.m in Sources */,
				31C039ED1DA9F25300EEE979 /* ViewController.m in Sources */,
				56C0D8F51DAA5395002C7D5C /* NSString+MD5.m in Sources */,
				31C039EA1DA9F25300EEE979 /* AppDelegate.m in Sources */,
				56C0D8F41DAA5395002C7D5C /* CHCardView.m in Sources */,
				31C039E71DA9F25300EEE979 /* main.m in Sources */,
				31C03A201DA9F26000EEE979 /* CHCardItemCustomView.m in Sources */,
				56C0D8F21DAA5395002C7D5C /* CHCardItemModel.m in Sources */,
			);
			runOnlyForDeploymentPostprocessing = 0;
		};
		31C039F71DA9F25300EEE979 /* Sources */ = {
			isa = PBXSourcesBuildPhase;
			buildActionMask = 2147483647;
			files = (
				31C03A001DA9F25300EEE979 /* CARDTests.m in Sources */,
			);
			runOnlyForDeploymentPostprocessing = 0;
		};
		31C03A021DA9F25300EEE979 /* Sources */ = {
			isa = PBXSourcesBuildPhase;
			buildActionMask = 2147483647;
			files = (
				31C03A0B1DA9F25300EEE979 /* CARDUITests.m in Sources */,
			);
			runOnlyForDeploymentPostprocessing = 0;
		};
/* End PBXSourcesBuildPhase section */

/* Begin PBXTargetDependency section */
		31C039FD1DA9F25300EEE979 /* PBXTargetDependency */ = {
			isa = PBXTargetDependency;
			target = 31C039E11DA9F25300EEE979 /* CARD */;
			targetProxy = 31C039FC1DA9F25300EEE979 /* PBXContainerItemProxy */;
		};
		31C03A081DA9F25300EEE979 /* PBXTargetDependency */ = {
			isa = PBXTargetDependency;
			target = 31C039E11DA9F25300EEE979 /* CARD */;
			targetProxy = 31C03A071DA9F25300EEE979 /* PBXContainerItemProxy */;
		};
/* End PBXTargetDependency section */

/* Begin PBXVariantGroup section */
		31C039EE1DA9F25300EEE979 /* Main.storyboard */ = {
			isa = PBXVariantGroup;
			children = (
				31C039EF1DA9F25300EEE979 /* Base */,
			);
			name = Main.storyboard;
			sourceTree = "<group>";
		};
		31C039F31DA9F25300EEE979 /* LaunchScreen.storyboard */ = {
			isa = PBXVariantGroup;
			children = (
				31C039F41DA9F25300EEE979 /* Base */,
			);
			name = LaunchScreen.storyboard;
			sourceTree = "<group>";
		};
/* End PBXVariantGroup section */

/* Begin XCBuildConfiguration section */
		31C03A0D1DA9F25300EEE979 /* Debug */ = {
			isa = XCBuildConfiguration;
			buildSettings = {
				ALWAYS_SEARCH_USER_PATHS = NO;
				CLANG_ANALYZER_NONNULL = YES;
				CLANG_CXX_LANGUAGE_STANDARD = "gnu++0x";
				CLANG_CXX_LIBRARY = "libc++";
				CLANG_ENABLE_MODULES = YES;
				CLANG_ENABLE_OBJC_ARC = YES;
				CLANG_WARN_BOOL_CONVERSION = YES;
				CLANG_WARN_CONSTANT_CONVERSION = YES;
				CLANG_WARN_DIRECT_OBJC_ISA_USAGE = YES_ERROR;
				CLANG_WARN_EMPTY_BODY = YES;
				CLANG_WARN_ENUM_CONVERSION = YES;
				CLANG_WARN_INT_CONVERSION = YES;
				CLANG_WARN_OBJC_ROOT_CLASS = YES_ERROR;
				CLANG_WARN_UNREACHABLE_CODE = YES;
				CLANG_WARN__DUPLICATE_METHOD_MATCH = YES;
				"CODE_SIGN_IDENTITY[sdk=iphoneos*]" = "iPhone Developer";
				COPY_PHASE_STRIP = NO;
				DEBUG_INFORMATION_FORMAT = dwarf;
				ENABLE_STRICT_OBJC_MSGSEND = YES;
				ENABLE_TESTABILITY = YES;
				GCC_C_LANGUAGE_STANDARD = gnu99;
				GCC_DYNAMIC_NO_PIC = NO;
				GCC_NO_COMMON_BLOCKS = YES;
				GCC_OPTIMIZATION_LEVEL = 0;
				GCC_PREPROCESSOR_DEFINITIONS = (
					"DEBUG=1",
					"$(inherited)",
				);
				GCC_WARN_64_TO_32_BIT_CONVERSION = YES;
				GCC_WARN_ABOUT_RETURN_TYPE = YES_ERROR;
				GCC_WARN_UNDECLARED_SELECTOR = YES;
				GCC_WARN_UNINITIALIZED_AUTOS = YES_AGGRESSIVE;
				GCC_WARN_UNUSED_FUNCTION = YES;
				GCC_WARN_UNUSED_VARIABLE = YES;
				IPHONEOS_DEPLOYMENT_TARGET = 9.3;
				MTL_ENABLE_DEBUG_INFO = YES;
				ONLY_ACTIVE_ARCH = YES;
				SDKROOT = iphoneos;
				TARGETED_DEVICE_FAMILY = "1,2";
			};
			name = Debug;
		};
		31C03A0E1DA9F25300EEE979 /* Release */ = {
			isa = XCBuildConfiguration;
			buildSettings = {
				ALWAYS_SEARCH_USER_PATHS = NO;
				CLANG_ANALYZER_NONNULL = YES;
				CLANG_CXX_LANGUAGE_STANDARD = "gnu++0x";
				CLANG_CXX_LIBRARY = "libc++";
				CLANG_ENABLE_MODULES = YES;
				CLANG_ENABLE_OBJC_ARC = YES;
				CLANG_WARN_BOOL_CONVERSION = YES;
				CLANG_WARN_CONSTANT_CONVERSION = YES;
				CLANG_WARN_DIRECT_OBJC_ISA_USAGE = YES_ERROR;
				CLANG_WARN_EMPTY_BODY = YES;
				CLANG_WARN_ENUM_CONVERSION = YES;
				CLANG_WARN_INT_CONVERSION = YES;
				CLANG_WARN_OBJC_ROOT_CLASS = YES_ERROR;
				CLANG_WARN_UNREACHABLE_CODE = YES;
				CLANG_WARN__DUPLICATE_METHOD_MATCH = YES;
				"CODE_SIGN_IDENTITY[sdk=iphoneos*]" = "iPhone Developer";
				COPY_PHASE_STRIP = NO;
				DEBUG_INFORMATION_FORMAT = "dwarf-with-dsym";
				ENABLE_NS_ASSERTIONS = NO;
				ENABLE_STRICT_OBJC_MSGSEND = YES;
				GCC_C_LANGUAGE_STANDARD = gnu99;
				GCC_NO_COMMON_BLOCKS = YES;
				GCC_WARN_64_TO_32_BIT_CONVERSION = YES;
				GCC_WARN_ABOUT_RETURN_TYPE = YES_ERROR;
				GCC_WARN_UNDECLARED_SELECTOR = YES;
				GCC_WARN_UNINITIALIZED_AUTOS = YES_AGGRESSIVE;
				GCC_WARN_UNUSED_FUNCTION = YES;
				GCC_WARN_UNUSED_VARIABLE = YES;
				IPHONEOS_DEPLOYMENT_TARGET = 9.3;
				MTL_ENABLE_DEBUG_INFO = NO;
				SDKROOT = iphoneos;
				TARGETED_DEVICE_FAMILY = "1,2";
				VALIDATE_PRODUCT = YES;
			};
			name = Release;
		};
		31C03A101DA9F25300EEE979 /* Debug */ = {
			isa = XCBuildConfiguration;
			buildSettings = {
				ASSETCATALOG_COMPILER_APPICON_NAME = AppIcon;
				INFOPLIST_FILE = CARD/Info.plist;
				LD_RUNPATH_SEARCH_PATHS = "$(inherited) @executable_path/Frameworks";
				PRODUCT_BUNDLE_IDENTIFIER = Charles.CARD;
				PRODUCT_NAME = "$(TARGET_NAME)";
			};
			name = Debug;
		};
		31C03A111DA9F25300EEE979 /* Release */ = {
			isa = XCBuildConfiguration;
			buildSettings = {
				ASSETCATALOG_COMPILER_APPICON_NAME = AppIcon;
				INFOPLIST_FILE = CARD/Info.plist;
				LD_RUNPATH_SEARCH_PATHS = "$(inherited) @executable_path/Frameworks";
				PRODUCT_BUNDLE_IDENTIFIER = Charles.CARD;
				PRODUCT_NAME = "$(TARGET_NAME)";
			};
			name = Release;
		};
		31C03A131DA9F25300EEE979 /* Debug */ = {
			isa = XCBuildConfiguration;
			buildSettings = {
				BUNDLE_LOADER = "$(TEST_HOST)";
				INFOPLIST_FILE = CARDTests/Info.plist;
				LD_RUNPATH_SEARCH_PATHS = "$(inherited) @executable_path/Frameworks @loader_path/Frameworks";
				PRODUCT_BUNDLE_IDENTIFIER = Charles.CARDTests;
				PRODUCT_NAME = "$(TARGET_NAME)";
				TEST_HOST = "$(BUILT_PRODUCTS_DIR)/CARD.app/CARD";
			};
			name = Debug;
		};
		31C03A141DA9F25300EEE979 /* Release */ = {
			isa = XCBuildConfiguration;
			buildSettings = {
				BUNDLE_LOADER = "$(TEST_HOST)";
				INFOPLIST_FILE = CARDTests/Info.plist;
				LD_RUNPATH_SEARCH_PATHS = "$(inherited) @executable_path/Frameworks @loader_path/Frameworks";
				PRODUCT_BUNDLE_IDENTIFIER = Charles.CARDTests;
				PRODUCT_NAME = "$(TARGET_NAME)";
				TEST_HOST = "$(BUILT_PRODUCTS_DIR)/CARD.app/CARD";
			};
			name = Release;
		};
		31C03A161DA9F25300EEE979 /* Debug */ = {
			isa = XCBuildConfiguration;
			buildSettings = {
				INFOPLIST_FILE = CARDUITests/Info.plist;
				LD_RUNPATH_SEARCH_PATHS = "$(inherited) @executable_path/Frameworks @loader_path/Frameworks";
				PRODUCT_BUNDLE_IDENTIFIER = Charles.CARDUITests;
				PRODUCT_NAME = "$(TARGET_NAME)";
				TEST_TARGET_NAME = CARD;
			};
			name = Debug;
		};
		31C03A171DA9F25300EEE979 /* Release */ = {
			isa = XCBuildConfiguration;
			buildSettings = {
				INFOPLIST_FILE = CARDUITests/Info.plist;
				LD_RUNPATH_SEARCH_PATHS = "$(inherited) @executable_path/Frameworks @loader_path/Frameworks";
				PRODUCT_BUNDLE_IDENTIFIER = Charles.CARDUITests;
				PRODUCT_NAME = "$(TARGET_NAME)";
				TEST_TARGET_NAME = CARD;
			};
			name = Release;
		};
/* End XCBuildConfiguration section */

/* Begin XCConfigurationList section */
		31C039DD1DA9F25300EEE979 /* Build configuration list for PBXProject "CARD" */ = {
			isa = XCConfigurationList;
			buildConfigurations = (
				31C03A0D1DA9F25300EEE979 /* Debug */,
				31C03A0E1DA9F25300EEE979 /* Release */,
			);
			defaultConfigurationIsVisible = 0;
			defaultConfigurationName = Release;
		};
		31C03A0F1DA9F25300EEE979 /* Build configuration list for PBXNativeTarget "CARD" */ = {
			isa = XCConfigurationList;
			buildConfigurations = (
				31C03A101DA9F25300EEE979 /* Debug */,
				31C03A111DA9F25300EEE979 /* Release */,
			);
			defaultConfigurationIsVisible = 0;
			defaultConfigurationName = Release;
		};
		31C03A121DA9F25300EEE979 /* Build configuration list for PBXNativeTarget "CARDTests" */ = {
			isa = XCConfigurationList;
			buildConfigurations = (
				31C03A131DA9F25300EEE979 /* Debug */,
				31C03A141DA9F25300EEE979 /* Release */,
			);
			defaultConfigurationIsVisible = 0;
			defaultConfigurationName = Release;
		};
		31C03A151DA9F25300EEE979 /* Build configuration list for PBXNativeTarget "CARDUITests" */ = {
			isa = XCConfigurationList;
			buildConfigurations = (
				31C03A161DA9F25300EEE979 /* Debug */,
				31C03A171DA9F25300EEE979 /* Release */,
			);
			defaultConfigurationIsVisible = 0;
			defaultConfigurationName = Release;
		};
/* End XCConfigurationList section */
	};
	rootObject = 31C039DA1DA9F25300EEE979 /* Project object */;
}
